
Microsoft Visual Studio Solution File, Format Version 12.00
# Visual Studio Version 16
VisualStudioVersion = 16.0.29613.14
MinimumVisualStudioVersion = 10.0.40219.1
Project("{FAE04EC0-301F-11D3-BF4B-00C04F79EFBC}") = "iPatch", "iPatch.csproj", "{2DE61DC8-6157-4719-AE71-DC5EF094EDF0}"
EndProject
Global
	GlobalSection(SolutionConfigurationPlatforms) = preSolution
		Debug|Any CPU = Debug|Any CPU
		Release|Any CPU = Release|Any CPU
	EndGlobalSection
	GlobalSection(ProjectConfigurationPlatforms) = postSolution
		{2DE61DC8-6157-4719-AE71-DC5EF094EDF0}.Debug|Any CPU.ActiveCfg = Debug|Any CPU
		{2DE61DC8-6157-4719-AE71-DC5EF094EDF0}.Debug|Any CPU.Build.0 = Debug|Any CPU
		{2DE61DC8-6157-4719-AE71-DC5EF094EDF0}.Release|Any CPU.ActiveCfg = Release|Any CPU
		{2DE61DC8-6157-4719-AE71-DC5EF094EDF0}.Release|Any CPU.Build.0 = Release|Any CPU
	EndGlobalSection
	GlobalSection(SolutionProperties) = preSolution
		HideSolutionNode = FALSE
	EndGlobalSection
	GlobalSection(ExtensibilityGlobals) = postSolution
		SolutionGuid = {9E3C994C-D948-4BE6-877E-1F3E50ABB21B}
	EndGlobalSection
EndGlobal
